
Microsoft Visual Studio Solution File, Format Version 12.00
# Visual Studio 15
VisualStudioVersion = 15.0.28307.329
MinimumVisualStudioVersion = 10.0.40219.1
Project("{2150E333-8FDC-42A3-9474-1A3956D46DE8}") = "UnitTesting", "UnitTesting", "{DAFD33BA-933D-43E5-852F-AB0B52683EF1}"
EndProject
Project("{2150E333-8FDC-42A3-9474-1A3956D46DE8}") = "Stub", "Stub", "{EC5F3792-0049-4F46-AA4D-484DDEAE3965}"
EndProject
Project("{2150E333-8FDC-42A3-9474-1A3956D46DE8}") = "Mock", "Mock", "{A77F05FE-E3B0-4010-A8CD-83091E97BFF6}"
EndProject
Project("{2150E333-8FDC-42A3-9474-1A3956D46DE8}") = "IsolationFramework", "IsolationFramework", "{93795F9B-6164-4188-AAD1-245CFC9BC39E}"
EndProject
Project("{2150E333-8FDC-42A3-9474-1A3956D46DE8}") = "FakeVeStubNedir", "FakeVeStubNedir", "{6CF9CCD4-8F61-4DDA-95FE-ABF1C6D4AAA5}"
	ProjectSection(SolutionItems) = preProject
		NedenUnitTest.txt = NedenUnitTest.txt
	EndProjectSection
EndProject
Project("{FAE04EC0-301F-11D3-BF4B-00C04F79EFBC}") = "FakeStupTanim", "Tanim\FakeStupTanim.csproj", "{BA76F85C-529B-4DA7-AD06-D22070C1497C}"
EndProject
Project("{FAE04EC0-301F-11D3-BF4B-00C04F79EFBC}") = "FileTest", "FileTest\FileTest.csproj", "{B513935E-7157-44E0-AB0E-C7EB22C3C6CA}"
EndProject
Project("{FAE04EC0-301F-11D3-BF4B-00C04F79EFBC}") = "FileManagerApp", "FileManagerApp\FileManagerApp.csproj", "{A0A00C0B-52F9-4E41-9811-05AD739FBFD9}"
EndProject
Project("{FAE04EC0-301F-11D3-BF4B-00C04F79EFBC}") = "Apllication", "Apllication\Apllication.csproj", "{CF398D96-83AD-4B28-A2B7-B26BC6D1C410}"
EndProject
Project("{FAE04EC0-301F-11D3-BF4B-00C04F79EFBC}") = "FileManagerApp.UnitTests", "FileManagerApp.UnitTests\FileManagerApp.UnitTests.csproj", "{0E2DE05B-FFB5-4F44-B8CB-36C8273989E5}"
EndProject
Project("{FAE04EC0-301F-11D3-BF4B-00C04F79EFBC}") = "UsingFramework.UnitTests", "UsingFramework.UnitTests\UsingFramework.UnitTests.csproj", "{1C798137-96C2-4B5A-8794-461E65113D61}"
EndProject
Global
	GlobalSection(SolutionConfigurationPlatforms) = preSolution
		Debug|Any CPU = Debug|Any CPU
		Release|Any CPU = Release|Any CPU
	EndGlobalSection
	GlobalSection(ProjectConfigurationPlatforms) = postSolution
		{BA76F85C-529B-4DA7-AD06-D22070C1497C}.Debug|Any CPU.ActiveCfg = Debug|Any CPU
		{BA76F85C-529B-4DA7-AD06-D22070C1497C}.Debug|Any CPU.Build.0 = Debug|Any CPU
		{BA76F85C-529B-4DA7-AD06-D22070C1497C}.Release|Any CPU.ActiveCfg = Release|Any CPU
		{BA76F85C-529B-4DA7-AD06-D22070C1497C}.Release|Any CPU.Build.0 = Release|Any CPU
		{B513935E-7157-44E0-AB0E-C7EB22C3C6CA}.Debug|Any CPU.ActiveCfg = Debug|Any CPU
		{B513935E-7157-44E0-AB0E-C7EB22C3C6CA}.Debug|Any CPU.Build.0 = Debug|Any CPU
		{B513935E-7157-44E0-AB0E-C7EB22C3C6CA}.Release|Any CPU.ActiveCfg = Release|Any CPU
		{B513935E-7157-44E0-AB0E-C7EB22C3C6CA}.Release|Any CPU.Build.0 = Release|Any CPU
		{A0A00C0B-52F9-4E41-9811-05AD739FBFD9}.Debug|Any CPU.ActiveCfg = Debug|Any CPU
		{A0A00C0B-52F9-4E41-9811-05AD739FBFD9}.Debug|Any CPU.Build.0 = Debug|Any CPU
		{A0A00C0B-52F9-4E41-9811-05AD739FBFD9}.Release|Any CPU.ActiveCfg = Release|Any CPU
		{A0A00C0B-52F9-4E41-9811-05AD739FBFD9}.Release|Any CPU.Build.0 = Release|Any CPU
		{CF398D96-83AD-4B28-A2B7-B26BC6D1C410}.Debug|Any CPU.ActiveCfg = Debug|Any CPU
		{CF398D96-83AD-4B28-A2B7-B26BC6D1C410}.Debug|Any CPU.Build.0 = Debug|Any CPU
		{CF398D96-83AD-4B28-A2B7-B26BC6D1C410}.Release|Any CPU.ActiveCfg = Release|Any CPU
		{CF398D96-83AD-4B28-A2B7-B26BC6D1C410}.Release|Any CPU.Build.0 = Release|Any CPU
		{0E2DE05B-FFB5-4F44-B8CB-36C8273989E5}.Debug|Any CPU.ActiveCfg = Debug|Any CPU
		{0E2DE05B-FFB5-4F44-B8CB-36C8273989E5}.Debug|Any CPU.Build.0 = Debug|Any CPU
		{0E2DE05B-FFB5-4F44-B8CB-36C8273989E5}.Release|Any CPU.ActiveCfg = Release|Any CPU
		{0E2DE05B-FFB5-4F44-B8CB-36C8273989E5}.Release|Any CPU.Build.0 = Release|Any CPU
		{1C798137-96C2-4B5A-8794-461E65113D61}.Debug|Any CPU.ActiveCfg = Debug|Any CPU
		{1C798137-96C2-4B5A-8794-461E65113D61}.Debug|Any CPU.Build.0 = Debug|Any CPU
		{1C798137-96C2-4B5A-8794-461E65113D61}.Release|Any CPU.ActiveCfg = Release|Any CPU
		{1C798137-96C2-4B5A-8794-461E65113D61}.Release|Any CPU.Build.0 = Release|Any CPU
	EndGlobalSection
	GlobalSection(SolutionProperties) = preSolution
		HideSolutionNode = FALSE
	EndGlobalSection
	GlobalSection(NestedProjects) = preSolution
		{EC5F3792-0049-4F46-AA4D-484DDEAE3965} = {DAFD33BA-933D-43E5-852F-AB0B52683EF1}
		{A77F05FE-E3B0-4010-A8CD-83091E97BFF6} = {DAFD33BA-933D-43E5-852F-AB0B52683EF1}
		{93795F9B-6164-4188-AAD1-245CFC9BC39E} = {DAFD33BA-933D-43E5-852F-AB0B52683EF1}
		{6CF9CCD4-8F61-4DDA-95FE-ABF1C6D4AAA5} = {EC5F3792-0049-4F46-AA4D-484DDEAE3965}
		{BA76F85C-529B-4DA7-AD06-D22070C1497C} = {6CF9CCD4-8F61-4DDA-95FE-ABF1C6D4AAA5}
		{B513935E-7157-44E0-AB0E-C7EB22C3C6CA} = {6CF9CCD4-8F61-4DDA-95FE-ABF1C6D4AAA5}
		{A0A00C0B-52F9-4E41-9811-05AD739FBFD9} = {6CF9CCD4-8F61-4DDA-95FE-ABF1C6D4AAA5}
		{CF398D96-83AD-4B28-A2B7-B26BC6D1C410} = {6CF9CCD4-8F61-4DDA-95FE-ABF1C6D4AAA5}
		{0E2DE05B-FFB5-4F44-B8CB-36C8273989E5} = {6CF9CCD4-8F61-4DDA-95FE-ABF1C6D4AAA5}
		{1C798137-96C2-4B5A-8794-461E65113D61} = {6CF9CCD4-8F61-4DDA-95FE-ABF1C6D4AAA5}
	EndGlobalSection
	GlobalSection(ExtensibilityGlobals) = postSolution
		SolutionGuid = {5D3A89B7-D9F6-468E-91EB-BB69DACE64F7}
	EndGlobalSection
EndGlobal
